# This file is autogenerated, do not edit; changes may be undone by the next 'dep ensure'.


[[projects]]
  branch = "main"
  digest = "1:b74280c358cb6380f4c33ab138b89cc3116ce66a81c4e3a69cbe9b1d01e8decc"
  name = "github.com/adamdadd/go-products-microservice"
  packages = ["handlers"]
  pruneopts = "UT"
  revision = "8d8aece1f6014f142c56772ca653d995934c5e1b"

[solve-meta]
  analyzer-name = "dep"
  analyzer-version = 1
  input-imports = ["github.com/adamdadd/go-products-microservice/handlers"]
  solver-name = "gps-cdcl"
  solver-version = 1
