# This file is autogenerated, do not edit; changes may be undone by the next 'dep ensure'.


[[projects]]
  branch = "main"
  digest = "1:d74502f27db6462eed369740305b1e69e4630e17a1735e6724ea55a62fac18ba"
  name = "github.com/adamdadd/go-products-microservice"
  packages = [
    "handlers",
    "models",
  ]
  pruneopts = "UT"
  revision = "bd9e764cb66b048e37eb3056d2535cb88590dec1"

[solve-meta]
  analyzer-name = "dep"
  analyzer-version = 1
  input-imports = [
    "github.com/adamdadd/go-products-microservice/handlers",
    "github.com/adamdadd/go-products-microservice/models",
  ]
  solver-name = "gps-cdcl"
  solver-version = 1
