# This file is autogenerated, do not edit; changes may be undone by the next 'dep ensure'.


[[projects]]
  branch = "main"
  digest = "1:2e5863e97572c255c427657ae86d2fbf76d9cfcd09d4938ce12893798e406372"
  name = "github.com/adamdadd/go-products-microservice"
  packages = [
    "handlers",
    "models",
  ]
  pruneopts = "UT"
  revision = "dd83c5d10c23e5085cb4df77379611abd08b7820"

[solve-meta]
  analyzer-name = "dep"
  analyzer-version = 1
  input-imports = [
    "github.com/adamdadd/go-products-microservice/handlers",
    "github.com/adamdadd/go-products-microservice/models",
  ]
  solver-name = "gps-cdcl"
  solver-version = 1
