github.com/adamdadd/go-products-microservice v0.0.0-20210301172814-971478102d40 h1:pGqVZi834ljNHERs5b6q8Vb7hWVEGQuY0ZY4UozdWIY=
github.com/adamdadd/go-products-microservice v0.0.0-20210301172814-971478102d40/go.mod h1:NNqgxY08pHX2Nx0lqIzPI2cSXz4TUGxbiVz4DHCDrV0=
github.com/adamdadd/go-products-microservice/handlers v0.0.0-20210301112624-178f47fc47cb h1:oIQTVy4ruPO4fqh61I3O/a9Uw0GQbLN6Xg8uXkhB+ZA=
github.com/adamdadd/go-products-microservice/handlers v0.0.0-20210301112624-178f47fc47cb/go.mod h1:/IuSzeA5qsuVmIeJtTBhyp/WaSdWAA4xVP7HzwRPNGw=
github.com/adamdadd/go-products-microservice/models v0.0.0-20210301111305-ba0373ba5281/go.mod h1:BBCecRXlLkaw7e5kDIUZfOTQCqNgqx6nEreJhCepYAE=
